
Microsoft Visual Studio Solution File, Format Version 12.00
# Visual Studio Version 17
VisualStudioVersion = 17.2.32630.192
MinimumVisualStudioVersion = 10.0.40219.1
Project("{9A19103F-16F7-4668-BE54-9A1E7A4F7556}") = "TextSpriteExport", "TextSpriteExport\TextSpriteExport.csproj", "{A713931A-FE2D-46F0-B7A0-54A999FD5A15}"
EndProject
Global
	GlobalSection(SolutionConfigurationPlatforms) = preSolution
		Debug|Any CPU = Debug|Any CPU
		Release|Any CPU = Release|Any CPU
	EndGlobalSection
	GlobalSection(ProjectConfigurationPlatforms) = postSolution
		{A713931A-FE2D-46F0-B7A0-54A999FD5A15}.Debug|Any CPU.ActiveCfg = Debug|Any CPU
		{A713931A-FE2D-46F0-B7A0-54A999FD5A15}.Debug|Any CPU.Build.0 = Debug|Any CPU
		{A713931A-FE2D-46F0-B7A0-54A999FD5A15}.Release|Any CPU.ActiveCfg = Release|Any CPU
		{A713931A-FE2D-46F0-B7A0-54A999FD5A15}.Release|Any CPU.Build.0 = Release|Any CPU
	EndGlobalSection
	GlobalSection(SolutionProperties) = preSolution
		HideSolutionNode = FALSE
	EndGlobalSection
	GlobalSection(ExtensibilityGlobals) = postSolution
		SolutionGuid = {EA411667-1E37-4058-8C53-8EF21BF5A754}
	EndGlobalSection
EndGlobal
